
Microsoft Visual Studio Solution File, Format Version 12.00
# Visual Studio Version 16
VisualStudioVersion = 16.0.28803.452
MinimumVisualStudioVersion = 10.0.40219.1
Project("{FAE04EC0-301F-11D3-BF4B-00C04F79EFBC}") = "NetCoreAPI", "NetCoreAPI\NetCoreAPI.csproj", "{3A61BEAC-6135-4704-B7DD-E48E1C62E02A}"
EndProject
Global
	GlobalSection(SolutionConfigurationPlatforms) = preSolution
		Debug|Any CPU = Debug|Any CPU
		Release|Any CPU = Release|Any CPU
	EndGlobalSection
	GlobalSection(ProjectConfigurationPlatforms) = postSolution
		{3A61BEAC-6135-4704-B7DD-E48E1C62E02A}.Debug|Any CPU.ActiveCfg = Debug|Any CPU
		{3A61BEAC-6135-4704-B7DD-E48E1C62E02A}.Debug|Any CPU.Build.0 = Debug|Any CPU
		{3A61BEAC-6135-4704-B7DD-E48E1C62E02A}.Release|Any CPU.ActiveCfg = Release|Any CPU
		{3A61BEAC-6135-4704-B7DD-E48E1C62E02A}.Release|Any CPU.Build.0 = Release|Any CPU
	EndGlobalSection
	GlobalSection(SolutionProperties) = preSolution
		HideSolutionNode = FALSE
	EndGlobalSection
	GlobalSection(ExtensibilityGlobals) = postSolution
		SolutionGuid = {7AFD6E4E-1F0E-4FE2-A920-2CEE64C73155}
	EndGlobalSection
EndGlobal
